# ray.lock — locked versions and hashes of the dependencies (generated by 'ray').
# Committed to the repository. Do not edit by hand.

[net]
url = "https://github.com/ray-language/net"
ref = "v0.3.8"
commit = "b2ca9351a01b3df4b4365a51aa32f481bf638b58"
hash = "sha256:2cd3a7b278d49af258bb03fbeb50523ba76c8a4261086e3535985546726b7b31"
