# ray.lock — locked versions and hashes of the dependencies (generated by 'ray').
# Committed to the repository. Do not edit by hand.

[net]
url = "https://github.com/ray-language/net"
ref = "v0.4.0"
commit = "242b6c19a9650f375c7183901e53c3c33d1f2c29"
hash = "sha256:f0c22e339468f7d92672ae024944834342ca628b9016c69d1fbc832583532fc9"
