# ray.lock — locked versions and hashes of the dependencies (generated by 'ray').
# Committed to the repository. Do not edit by hand.

[db]
url = "https://github.com/ray-language/db"
ref = "v0.2.1"
commit = "c530d48a2ed1d9b66dab2116386c993b5b0d18cf"
hash = "sha256:1f0f4f197c3041cef45ee1fedb59fe62f2f8517471d46b4f4c94f4c52e69eee0"

[net]
url = "https://github.com/ray-language/net"
ref = "v0.4.1"
commit = "5be1c5846cb9eb6c0db874feb6e6d330b272ed54"
hash = "sha256:dfdce3722406606a4d4e5d6f62a2ac8de2d8fa89a6022137e4ec3e27af7d6605"

[rpc]
url = "https://github.com/ray-language/rpc"
ref = "v0.1.3"
commit = "d808725192898896073a5122e88e6121a47b6468"
hash = "sha256:de7208f967368b0eff2db084c33642786c596426aa513715381190d7609b0251"

[web]
url = "https://github.com/ray-language/web"
ref = "v0.4.5"
commit = "d759ba2db06f96f5c95e3f4c77ec2e605415c949"
hash = "sha256:c548fe1048d06a2d5041e32053cbe3a8437ac2dd87c55599f37594b21a42c084"
