# ray.lock — locked versions and hashes of the dependencies (generated by 'ray').
# Committed to the repository. Do not edit by hand.

[net]
url = "https://github.com/ray-language/net"
ref = "v0.3.8"
commit = "b2ca9351a01b3df4b4365a51aa32f481bf638b58"
hash = "sha256:2cd3a7b278d49af258bb03fbeb50523ba76c8a4261086e3535985546726b7b31"

[rpc]
url = "https://github.com/ray-language/rpc"
ref = "v0.1.3"
commit = "d808725192898896073a5122e88e6121a47b6468"
hash = "sha256:de7208f967368b0eff2db084c33642786c596426aa513715381190d7609b0251"

[web]
url = "https://github.com/ray-language/web"
ref = "v0.4.5"
commit = "d759ba2db06f96f5c95e3f4c77ec2e605415c949"
hash = "sha256:c548fe1048d06a2d5041e32053cbe3a8437ac2dd87c55599f37594b21a42c084"
