# ray.lock — locked versions and hashes of the dependencies (generated by 'ray').
# Committed to the repository. Do not edit by hand.

[net]
url = "https://github.com/ray-language/net"
ref = "v0.4.0"
commit = "242b6c19a9650f375c7183901e53c3c33d1f2c29"
hash = "sha256:f0c22e339468f7d92672ae024944834342ca628b9016c69d1fbc832583532fc9"

[rpc]
url = "https://github.com/ray-language/rpc"
ref = "v0.1.3"
commit = "d808725192898896073a5122e88e6121a47b6468"
hash = "sha256:de7208f967368b0eff2db084c33642786c596426aa513715381190d7609b0251"
